
Microsoft Visual Studio Solution File, Format Version 12.00
# Visual Studio Version 17
VisualStudioVersion = 17.9.34902.65
MinimumVisualStudioVersion = 10.0.40219.1
Project("{FAE04EC0-301F-11D3-BF4B-00C04F79EFBC}") = "Jisko.HATEOAS", "Jisko.HATEOAS\Jisko.HATEOAS.csproj", "{1AF9338B-A27A-4ED3-8E9E-19CBF9958447}"
EndProject
Global
	GlobalSection(SolutionConfigurationPlatforms) = preSolution
		Debug|Any CPU = Debug|Any CPU
		Release|Any CPU = Release|Any CPU
	EndGlobalSection
	GlobalSection(ProjectConfigurationPlatforms) = postSolution
		{1AF9338B-A27A-4ED3-8E9E-19CBF9958447}.Debug|Any CPU.ActiveCfg = Debug|Any CPU
		{1AF9338B-A27A-4ED3-8E9E-19CBF9958447}.Debug|Any CPU.Build.0 = Debug|Any CPU
		{1AF9338B-A27A-4ED3-8E9E-19CBF9958447}.Release|Any CPU.ActiveCfg = Release|Any CPU
		{1AF9338B-A27A-4ED3-8E9E-19CBF9958447}.Release|Any CPU.Build.0 = Release|Any CPU
	EndGlobalSection
	GlobalSection(SolutionProperties) = preSolution
		HideSolutionNode = FALSE
	EndGlobalSection
	GlobalSection(ExtensibilityGlobals) = postSolution
		SolutionGuid = {839D4C3A-D509-4781-BEE5-7831E0FFE9AD}
	EndGlobalSection
EndGlobal
